{
  "name": "ebay",
  "lockfileVersion": 3,
  "requires": true,
  "packages": {
    "": {
      "dependencies": {
        "@types/ebay-oauth-nodejs-client": "^1.2.4",
        "ebay-oauth-nodejs-client": "^1.2.2"
      }
    },
    "node_modules/@types/ebay-oauth-nodejs-client": {
      "version": "1.2.4",
      "resolved": "https://registry.npmjs.org/@types/ebay-oauth-nodejs-client/-/ebay-oauth-nodejs-client-1.2.4.tgz",
      "integrity": "sha512-v2ABjemtKhFpe6x4+8rxqoo6N4cg/vrBXeXWh6Ru+jRU0UqqygxzZdqxuvF6zy3A9l8L5qRQC09X+3vcu9KTSA=="
    },
    "node_modules/ebay-oauth-nodejs-client": {
      "version": "1.2.2",
      "resolved": "https://registry.npmjs.org/ebay-oauth-nodejs-client/-/ebay-oauth-nodejs-client-1.2.2.tgz",
      "integrity": "sha512-loTlaN0tgmB4W9jVKUMJC8TjIs4OZ6U/ktjI1ctJQKCZi3qAWkwt26sUtMkWCGaZbJgjZhNMoUi2bEvVGdGc/w==",
      "dependencies": {
        "querystring": "^0.2.0"
      }
    },
    "node_modules/querystring": {
      "version": "0.2.1",
      "resolved": "https://registry.npmjs.org/querystring/-/querystring-0.2.1.tgz",
      "integrity": "sha512-wkvS7mL/JMugcup3/rMitHmd9ecIGd2lhFhK9N3UUQ450h66d1r3Y9nvXzQAW1Lq+wyx61k/1pfKS5KuKiyEbg==",
      "deprecated": "The querystring API is considered Legacy. new code should use the URLSearchParams API instead.",
      "engines": {
        "node": ">=0.4.x"
      }
    }
  }
}
